// !$*UTF8*$!
{
	archiveVersion = 1;
	classes = {
	};
	objectVersion = 56;
	objects = {

/* Begin PBXBuildFile section */
		B34564762B84B7E300EA6D2D /* ApiBackedApp.swift in Sources */ = {isa = PBXBuildFile; fileRef = B34564752B84B7E300EA6D2D /* ApiBackedApp.swift */; };
		B34564782B84B7E300EA6D2D /* ContentView.swift in Sources */ = {isa = PBXBuildFile; fileRef = B34564772B84B7E300EA6D2D /* ContentView.swift */; };
		B345647A2B84B7E500EA6D2D /* Assets.xcassets in Resources */ = {isa = PBXBuildFile; fileRef = B34564792B84B7E500EA6D2D /* Assets.xcassets */; };
		B345647D2B84B7E500EA6D2D /* Preview Assets.xcassets in Resources */ = {isa = PBXBuildFile; fileRef = B345647C2B84B7E500EA6D2D /* Preview Assets.xcassets */; };
		B34564872B84B7E500EA6D2D /* ApiBackedTests.swift in Sources */ = {isa = PBXBuildFile; fileRef = B34564862B84B7E500EA6D2D /* ApiBackedTests.swift */; };
		B34564912B84B7E500EA6D2D /* ApiBackedUITests.swift in Sources */ = {isa = PBXBuildFile; fileRef = B34564902B84B7E500EA6D2D /* ApiBackedUITests.swift */; };
		B34564932B84B7E500EA6D2D /* ApiBackedUITestsLaunchTests.swift in Sources */ = {isa = PBXBuildFile; fileRef = B34564922B84B7E500EA6D2D /* ApiBackedUITestsLaunchTests.swift */; };
		B34EC50D2B84E4320093BF82 /* Model.swift in Sources */ = {isa = PBXBuildFile; fileRef = B34EC50C2B84E4320093BF82 /* Model.swift */; };
		B34EC50F2B84E45C0093BF82 /* API.swift in Sources */ = {isa = PBXBuildFile; fileRef = B34EC50E2B84E45C0093BF82 /* API.swift */; };
		B34EC5142B84EBEE0093BF82 /* ListView.swift in Sources */ = {isa = PBXBuildFile; fileRef = B34EC5132B84EBEE0093BF82 /* ListView.swift */; };
		B34EC5162B84EF870093BF82 /* ResultRow.swift in Sources */ = {isa = PBXBuildFile; fileRef = B34EC5152B84EF870093BF82 /* ResultRow.swift */; };
		B34EC5182B85A0D20093BF82 /* SongDetail.swift in Sources */ = {isa = PBXBuildFile; fileRef = B34EC5172B85A0D20093BF82 /* SongDetail.swift */; };
/* End PBXBuildFile section */

/* Begin PBXContainerItemProxy section */
		B34564832B84B7E500EA6D2D /* PBXContainerItemProxy */ = {
			isa = PBXContainerItemProxy;
			containerPortal = B345646A2B84B7E300EA6D2D /* Project object */;
			proxyType = 1;
			remoteGlobalIDString = B34564712B84B7E300EA6D2D;
			remoteInfo = ApiBacked;
		};
		B345648D2B84B7E500EA6D2D /* PBXContainerItemProxy */ = {
			isa = PBXContainerItemProxy;
			containerPortal = B345646A2B84B7E300EA6D2D /* Project object */;
			proxyType = 1;
			remoteGlobalIDString = B34564712B84B7E300EA6D2D;
			remoteInfo = ApiBacked;
		};
/* End PBXContainerItemProxy section */

/* Begin PBXFileReference section */
		B34564722B84B7E300EA6D2D /* ApiBacked.app */ = {isa = PBXFileReference; explicitFileType = wrapper.application; includeInIndex = 0; path = ApiBacked.app; sourceTree = BUILT_PRODUCTS_DIR; };
		B34564752B84B7E300EA6D2D /* ApiBackedApp.swift */ = {isa = PBXFileReference; lastKnownFileType = sourcecode.swift; path = ApiBackedApp.swift; sourceTree = "<group>"; };
		B34564772B84B7E300EA6D2D /* ContentView.swift */ = {isa = PBXFileReference; lastKnownFileType = sourcecode.swift; path = ContentView.swift; sourceTree = "<group>"; };
		B34564792B84B7E500EA6D2D /* Assets.xcassets */ = {isa = PBXFileReference; lastKnownFileType = folder.assetcatalog; path = Assets.xcassets; sourceTree = "<group>"; };
		B345647C2B84B7E500EA6D2D /* Preview Assets.xcassets */ = {isa = PBXFileReference; lastKnownFileType = folder.assetcatalog; path = "Preview Assets.xcassets"; sourceTree = "<group>"; };
		B34564822B84B7E500EA6D2D /* ApiBackedTests.xctest */ = {isa = PBXFileReference; explicitFileType = wrapper.cfbundle; includeInIndex = 0; path = ApiBackedTests.xctest; sourceTree = BUILT_PRODUCTS_DIR; };
		B34564862B84B7E500EA6D2D /* ApiBackedTests.swift */ = {isa = PBXFileReference; lastKnownFileType = sourcecode.swift; path = ApiBackedTests.swift; sourceTree = "<group>"; };
		B345648C2B84B7E500EA6D2D /* ApiBackedUITests.xctest */ = {isa = PBXFileReference; explicitFileType = wrapper.cfbundle; includeInIndex = 0; path = ApiBackedUITests.xctest; sourceTree = BUILT_PRODUCTS_DIR; };
		B34564902B84B7E500EA6D2D /* ApiBackedUITests.swift */ = {isa = PBXFileReference; lastKnownFileType = sourcecode.swift; path = ApiBackedUITests.swift; sourceTree = "<group>"; };
		B34564922B84B7E500EA6D2D /* ApiBackedUITestsLaunchTests.swift */ = {isa = PBXFileReference; lastKnownFileType = sourcecode.swift; path = ApiBackedUITestsLaunchTests.swift; sourceTree = "<group>"; };
		B34EC50C2B84E4320093BF82 /* Model.swift */ = {isa = PBXFileReference; lastKnownFileType = sourcecode.swift; path = Model.swift; sourceTree = "<group>"; };
		B34EC50E2B84E45C0093BF82 /* API.swift */ = {isa = PBXFileReference; lastKnownFileType = sourcecode.swift; path = API.swift; sourceTree = "<group>"; };
		B34EC5132B84EBEE0093BF82 /* ListView.swift */ = {isa = PBXFileReference; lastKnownFileType = sourcecode.swift; path = ListView.swift; sourceTree = "<group>"; };
		B34EC5152B84EF870093BF82 /* ResultRow.swift */ = {isa = PBXFileReference; lastKnownFileType = sourcecode.swift; path = ResultRow.swift; sourceTree = "<group>"; };
		B34EC5172B85A0D20093BF82 /* SongDetail.swift */ = {isa = PBXFileReference; lastKnownFileType = sourcecode.swift; path = SongDetail.swift; sourceTree = "<group>"; };
/* End PBXFileReference section */

/* Begin PBXFrameworksBuildPhase section */
		B345646F2B84B7E300EA6D2D /* Frameworks */ = {
			isa = PBXFrameworksBuildPhase;
			buildActionMask = 2147483647;
			files = (
			);
			runOnlyForDeploymentPostprocessing = 0;
		};
		B345647F2B84B7E500EA6D2D /* Frameworks */ = {
			isa = PBXFrameworksBuildPhase;
			buildActionMask = 2147483647;
			files = (
			);
			runOnlyForDeploymentPostprocessing = 0;
		};
		B34564892B84B7E500EA6D2D /* Frameworks */ = {
			isa = PBXFrameworksBuildPhase;
			buildActionMask = 2147483647;
			files = (
			);
			runOnlyForDeploymentPostprocessing = 0;
		};
/* End PBXFrameworksBuildPhase section */

/* Begin PBXGroup section */
		B34564692B84B7E300EA6D2D = {
			isa = PBXGroup;
			children = (
				B34564742B84B7E300EA6D2D /* ApiBacked */,
				B34564852B84B7E500EA6D2D /* ApiBackedTests */,
				B345648F2B84B7E500EA6D2D /* ApiBackedUITests */,
				B34564732B84B7E300EA6D2D /* Products */,
			);
			sourceTree = "<group>";
		};
		B34564732B84B7E300EA6D2D /* Products */ = {
			isa = PBXGroup;
			children = (
				B34564722B84B7E300EA6D2D /* ApiBacked.app */,
				B34564822B84B7E500EA6D2D /* ApiBackedTests.xctest */,
				B345648C2B84B7E500EA6D2D /* ApiBackedUITests.xctest */,
			);
			name = Products;
			sourceTree = "<group>";
		};
		B34564742B84B7E300EA6D2D /* ApiBacked */ = {
			isa = PBXGroup;
			children = (
				B34EC50B2B84E4140093BF82 /* Views */,
				B34564752B84B7E300EA6D2D /* ApiBackedApp.swift */,
				B34EC50E2B84E45C0093BF82 /* API.swift */,
				B34EC50C2B84E4320093BF82 /* Model.swift */,
				B34564792B84B7E500EA6D2D /* Assets.xcassets */,
				B345647B2B84B7E500EA6D2D /* Preview Content */,
			);
			path = ApiBacked;
			sourceTree = "<group>";
		};
		B345647B2B84B7E500EA6D2D /* Preview Content */ = {
			isa = PBXGroup;
			children = (
				B345647C2B84B7E500EA6D2D /* Preview Assets.xcassets */,
			);
			path = "Preview Content";
			sourceTree = "<group>";
		};
		B34564852B84B7E500EA6D2D /* ApiBackedTests */ = {
			isa = PBXGroup;
			children = (
				B34564862B84B7E500EA6D2D /* ApiBackedTests.swift */,
			);
			path = ApiBackedTests;
			sourceTree = "<group>";
		};
		B345648F2B84B7E500EA6D2D /* ApiBackedUITests */ = {
			isa = PBXGroup;
			children = (
				B34564902B84B7E500EA6D2D /* ApiBackedUITests.swift */,
				B34564922B84B7E500EA6D2D /* ApiBackedUITestsLaunchTests.swift */,
			);
			path = ApiBackedUITests;
			sourceTree = "<group>";
		};
		B34EC50B2B84E4140093BF82 /* Views */ = {
			isa = PBXGroup;
			children = (
				B34564772B84B7E300EA6D2D /* ContentView.swift */,
				B34EC5132B84EBEE0093BF82 /* ListView.swift */,
				B34EC5152B84EF870093BF82 /* ResultRow.swift */,
				B34EC5172B85A0D20093BF82 /* SongDetail.swift */,
			);
			path = Views;
			sourceTree = "<group>";
		};
/* End PBXGroup section */

/* Begin PBXNativeTarget section */
		B34564712B84B7E300EA6D2D /* ApiBacked */ = {
			isa = PBXNativeTarget;
			buildConfigurationList = B34564962B84B7E500EA6D2D /* Build configuration list for PBXNativeTarget "ApiBacked" */;
			buildPhases = (
				B345646E2B84B7E300EA6D2D /* Sources */,
				B345646F2B84B7E300EA6D2D /* Frameworks */,
				B34564702B84B7E300EA6D2D /* Resources */,
			);
			buildRules = (
			);
			dependencies = (
			);
			name = ApiBacked;
			productName = ApiBacked;
			productReference = B34564722B84B7E300EA6D2D /* ApiBacked.app */;
			productType = "com.apple.product-type.application";
		};
		B34564812B84B7E500EA6D2D /* ApiBackedTests */ = {
			isa = PBXNativeTarget;
			buildConfigurationList = B34564992B84B7E500EA6D2D /* Build configuration list for PBXNativeTarget "ApiBackedTests" */;
			buildPhases = (
				B345647E2B84B7E500EA6D2D /* Sources */,
				B345647F2B84B7E500EA6D2D /* Frameworks */,
				B34564802B84B7E500EA6D2D /* Resources */,
			);
			buildRules = (
			);
			dependencies = (
				B34564842B84B7E500EA6D2D /* PBXTargetDependency */,
			);
			name = ApiBackedTests;
			productName = ApiBackedTests;
			productReference = B34564822B84B7E500EA6D2D /* ApiBackedTests.xctest */;
			productType = "com.apple.product-type.bundle.unit-test";
		};
		B345648B2B84B7E500EA6D2D /* ApiBackedUITests */ = {
			isa = PBXNativeTarget;
			buildConfigurationList = B345649C2B84B7E500EA6D2D /* Build configuration list for PBXNativeTarget "ApiBackedUITests" */;
			buildPhases = (
				B34564882B84B7E500EA6D2D /* Sources */,
				B34564892B84B7E500EA6D2D /* Frameworks */,
				B345648A2B84B7E500EA6D2D /* Resources */,
			);
			buildRules = (
			);
			dependencies = (
				B345648E2B84B7E500EA6D2D /* PBXTargetDependency */,
			);
			name = ApiBackedUITests;
			productName = ApiBackedUITests;
			productReference = B345648C2B84B7E500EA6D2D /* ApiBackedUITests.xctest */;
			productType = "com.apple.product-type.bundle.ui-testing";
		};
/* End PBXNativeTarget section */

/* Begin PBXProject section */
		B345646A2B84B7E300EA6D2D /* Project object */ = {
			isa = PBXProject;
			attributes = {
				BuildIndependentTargetsInParallel = 1;
				LastSwiftUpdateCheck = 1520;
				LastUpgradeCheck = 1520;
				TargetAttributes = {
					B34564712B84B7E300EA6D2D = {
						CreatedOnToolsVersion = 15.2;
					};
					B34564812B84B7E500EA6D2D = {
						CreatedOnToolsVersion = 15.2;
						TestTargetID = B34564712B84B7E300EA6D2D;
					};
					B345648B2B84B7E500EA6D2D = {
						CreatedOnToolsVersion = 15.2;
						TestTargetID = B34564712B84B7E300EA6D2D;
					};
				};
			};
			buildConfigurationList = B345646D2B84B7E300EA6D2D /* Build configuration list for PBXProject "ApiBacked" */;
			compatibilityVersion = "Xcode 14.0";
			developmentRegion = en;
			hasScannedForEncodings = 0;
			knownRegions = (
				en,
				Base,
			);
			mainGroup = B34564692B84B7E300EA6D2D;
			productRefGroup = B34564732B84B7E300EA6D2D /* Products */;
			projectDirPath = "";
			projectRoot = "";
			targets = (
				B34564712B84B7E300EA6D2D /* ApiBacked */,
				B34564812B84B7E500EA6D2D /* ApiBackedTests */,
				B345648B2B84B7E500EA6D2D /* ApiBackedUITests */,
			);
		};
/* End PBXProject section */

/* Begin PBXResourcesBuildPhase section */
		B34564702B84B7E300EA6D2D /* Resources */ = {
			isa = PBXResourcesBuildPhase;
			buildActionMask = 2147483647;
			files = (
				B345647D2B84B7E500EA6D2D /* Preview Assets.xcassets in Resources */,
				B345647A2B84B7E500EA6D2D /* Assets.xcassets in Resources */,
			);
			runOnlyForDeploymentPostprocessing = 0;
		};
		B34564802B84B7E500EA6D2D /* Resources */ = {
			isa = PBXResourcesBuildPhase;
			buildActionMask = 2147483647;
			files = (
			);
			runOnlyForDeploymentPostprocessing = 0;
		};
		B345648A2B84B7E500EA6D2D /* Resources */ = {
			isa = PBXResourcesBuildPhase;
			buildActionMask = 2147483647;
			files = (
			);
			runOnlyForDeploymentPostprocessing = 0;
		};
/* End PBXResourcesBuildPhase section */

/* Begin PBXSourcesBuildPhase section */
		B345646E2B84B7E300EA6D2D /* Sources */ = {
			isa = PBXSourcesBuildPhase;
			buildActionMask = 2147483647;
			files = (
				B34EC50D2B84E4320093BF82 /* Model.swift in Sources */,
				B34EC5182B85A0D20093BF82 /* SongDetail.swift in Sources */,
				B34564782B84B7E300EA6D2D /* ContentView.swift in Sources */,
				B34EC5142B84EBEE0093BF82 /* ListView.swift in Sources */,
				B34EC50F2B84E45C0093BF82 /* API.swift in Sources */,
				B34564762B84B7E300EA6D2D /* ApiBackedApp.swift in Sources */,
				B34EC5162B84EF870093BF82 /* ResultRow.swift in Sources */,
			);
			runOnlyForDeploymentPostprocessing = 0;
		};
		B345647E2B84B7E500EA6D2D /* Sources */ = {
			isa = PBXSourcesBuildPhase;
			buildActionMask = 2147483647;
			files = (
				B34564872B84B7E500EA6D2D /* ApiBackedTests.swift in Sources */,
			);
			runOnlyForDeploymentPostprocessing = 0;
		};
		B34564882B84B7E500EA6D2D /* Sources */ = {
			isa = PBXSourcesBuildPhase;
			buildActionMask = 2147483647;
			files = (
				B34564912B84B7E500EA6D2D /* ApiBackedUITests.swift in Sources */,
				B34564932B84B7E500EA6D2D /* ApiBackedUITestsLaunchTests.swift in Sources */,
			);
			runOnlyForDeploymentPostprocessing = 0;
		};
/* End PBXSourcesBuildPhase section */

/* Begin PBXTargetDependency section */
		B34564842B84B7E500EA6D2D /* PBXTargetDependency */ = {
			isa = PBXTargetDependency;
			target = B34564712B84B7E300EA6D2D /* ApiBacked */;
			targetProxy = B34564832B84B7E500EA6D2D /* PBXContainerItemProxy */;
		};
		B345648E2B84B7E500EA6D2D /* PBXTargetDependency */ = {
			isa = PBXTargetDependency;
			target = B34564712B84B7E300EA6D2D /* ApiBacked */;
			targetProxy = B345648D2B84B7E500EA6D2D /* PBXContainerItemProxy */;
		};
/* End PBXTargetDependency section */

/* Begin XCBuildConfiguration section */
		B34564942B84B7E500EA6D2D /* Debug */ = {
			isa = XCBuildConfiguration;
			buildSettings = {
				ALWAYS_SEARCH_USER_PATHS = NO;
				ASSETCATALOG_COMPILER_GENERATE_SWIFT_ASSET_SYMBOL_EXTENSIONS = YES;
				CLANG_ANALYZER_NONNULL = YES;
				CLANG_ANALYZER_NUMBER_OBJECT_CONVERSION = YES_AGGRESSIVE;
				CLANG_CXX_LANGUAGE_STANDARD = "gnu++20";
				CLANG_ENABLE_MODULES = YES;
				CLANG_ENABLE_OBJC_ARC = YES;
				CLANG_ENABLE_OBJC_WEAK = YES;
				CLANG_WARN_BLOCK_CAPTURE_AUTORELEASING = YES;
				CLANG_WARN_BOOL_CONVERSION = YES;
				CLANG_WARN_COMMA = YES;
				CLANG_WARN_CONSTANT_CONVERSION = YES;
				CLANG_WARN_DEPRECATED_OBJC_IMPLEMENTATIONS = YES;
				CLANG_WARN_DIRECT_OBJC_ISA_USAGE = YES_ERROR;
				CLANG_WARN_DOCUMENTATION_COMMENTS = YES;
				CLANG_WARN_EMPTY_BODY = YES;
				CLANG_WARN_ENUM_CONVERSION = YES;
				CLANG_WARN_INFINITE_RECURSION = YES;
				CLANG_WARN_INT_CONVERSION = YES;
				CLANG_WARN_NON_LITERAL_NULL_CONVERSION = YES;
				CLANG_WARN_OBJC_IMPLICIT_RETAIN_SELF = YES;
				CLANG_WARN_OBJC_LITERAL_CONVERSION = YES;
				CLANG_WARN_OBJC_ROOT_CLASS = YES_ERROR;
				CLANG_WARN_QUOTED_INCLUDE_IN_FRAMEWORK_HEADER = YES;
				CLANG_WARN_RANGE_LOOP_ANALYSIS = YES;
				CLANG_WARN_STRICT_PROTOTYPES = YES;
				CLANG_WARN_SUSPICIOUS_MOVE = YES;
				CLANG_WARN_UNGUARDED_AVAILABILITY = YES_AGGRESSIVE;
				CLANG_WARN_UNREACHABLE_CODE = YES;
				CLANG_WARN__DUPLICATE_METHOD_MATCH = YES;
				COPY_PHASE_STRIP = NO;
				DEBUG_INFORMATION_FORMAT = dwarf;
				ENABLE_STRICT_OBJC_MSGSEND = YES;
				ENABLE_TESTABILITY = YES;
				ENABLE_USER_SCRIPT_SANDBOXING = YES;
				GCC_C_LANGUAGE_STANDARD = gnu17;
				GCC_DYNAMIC_NO_PIC = NO;
				GCC_NO_COMMON_BLOCKS = YES;
				GCC_OPTIMIZATION_LEVEL = 0;
				GCC_PREPROCESSOR_DEFINITIONS = (
					"DEBUG=1",
					"$(inherited)",
				);
				GCC_WARN_64_TO_32_BIT_CONVERSION = YES;
				GCC_WARN_ABOUT_RETURN_TYPE = YES_ERROR;
				GCC_WARN_UNDECLARED_SELECTOR = YES;
				GCC_WARN_UNINITIALIZED_AUTOS = YES_AGGRESSIVE;
				GCC_WARN_UNUSED_FUNCTION = YES;
				GCC_WARN_UNUSED_VARIABLE = YES;
				IPHONEOS_DEPLOYMENT_TARGET = 17.2;
				LOCALIZATION_PREFERS_STRING_CATALOGS = YES;
				MTL_ENABLE_DEBUG_INFO = INCLUDE_SOURCE;
				MTL_FAST_MATH = YES;
				ONLY_ACTIVE_ARCH = YES;
				SDKROOT = iphoneos;
				SWIFT_ACTIVE_COMPILATION_CONDITIONS = "DEBUG $(inherited)";
				SWIFT_OPTIMIZATION_LEVEL = "-Onone";
			};
			name = Debug;
		};
		B34564952B84B7E500EA6D2D /* Release */ = {
			isa = XCBuildConfiguration;
			buildSettings = {
				ALWAYS_SEARCH_USER_PATHS = NO;
				ASSETCATALOG_COMPILER_GENERATE_SWIFT_ASSET_SYMBOL_EXTENSIONS = YES;
				CLANG_ANALYZER_NONNULL = YES;
				CLANG_ANALYZER_NUMBER_OBJECT_CONVERSION = YES_AGGRESSIVE;
				CLANG_CXX_LANGUAGE_STANDARD = "gnu++20";
				CLANG_ENABLE_MODULES = YES;
				CLANG_ENABLE_OBJC_ARC = YES;
				CLANG_ENABLE_OBJC_WEAK = YES;
				CLANG_WARN_BLOCK_CAPTURE_AUTORELEASING = YES;
				CLANG_WARN_BOOL_CONVERSION = YES;
				CLANG_WARN_COMMA = YES;
				CLANG_WARN_CONSTANT_CONVERSION = YES;
				CLANG_WARN_DEPRECATED_OBJC_IMPLEMENTATIONS = YES;
				CLANG_WARN_DIRECT_OBJC_ISA_USAGE = YES_ERROR;
				CLANG_WARN_DOCUMENTATION_COMMENTS = YES;
				CLANG_WARN_EMPTY_BODY = YES;
				CLANG_WARN_ENUM_CONVERSION = YES;
				CLANG_WARN_INFINITE_RECURSION = YES;
				CLANG_WARN_INT_CONVERSION = YES;
				CLANG_WARN_NON_LITERAL_NULL_CONVERSION = YES;
				CLANG_WARN_OBJC_IMPLICIT_RETAIN_SELF = YES;
				CLANG_WARN_OBJC_LITERAL_CONVERSION = YES;
				CLANG_WARN_OBJC_ROOT_CLASS = YES_ERROR;
				CLANG_WARN_QUOTED_INCLUDE_IN_FRAMEWORK_HEADER = YES;
				CLANG_WARN_RANGE_LOOP_ANALYSIS = YES;
				CLANG_WARN_STRICT_PROTOTYPES = YES;
				CLANG_WARN_SUSPICIOUS_MOVE = YES;
				CLANG_WARN_UNGUARDED_AVAILABILITY = YES_AGGRESSIVE;
				CLANG_WARN_UNREACHABLE_CODE = YES;
				CLANG_WARN__DUPLICATE_METHOD_MATCH = YES;
				COPY_PHASE_STRIP = NO;
				DEBUG_INFORMATION_FORMAT = "dwarf-with-dsym";
				ENABLE_NS_ASSERTIONS = NO;
				ENABLE_STRICT_OBJC_MSGSEND = YES;
				ENABLE_USER_SCRIPT_SANDBOXING = YES;
				GCC_C_LANGUAGE_STANDARD = gnu17;
				GCC_NO_COMMON_BLOCKS = YES;
				GCC_WARN_64_TO_32_BIT_CONVERSION = YES;
				GCC_WARN_ABOUT_RETURN_TYPE = YES_ERROR;
				GCC_WARN_UNDECLARED_SELECTOR = YES;
				GCC_WARN_UNINITIALIZED_AUTOS = YES_AGGRESSIVE;
				GCC_WARN_UNUSED_FUNCTION = YES;
				GCC_WARN_UNUSED_VARIABLE = YES;
				IPHONEOS_DEPLOYMENT_TARGET = 17.2;
				LOCALIZATION_PREFERS_STRING_CATALOGS = YES;
				MTL_ENABLE_DEBUG_INFO = NO;
				MTL_FAST_MATH = YES;
				SDKROOT = iphoneos;
				SWIFT_COMPILATION_MODE = wholemodule;
				VALIDATE_PRODUCT = YES;
			};
			name = Release;
		};
		B34564972B84B7E500EA6D2D /* Debug */ = {
			isa = XCBuildConfiguration;
			buildSettings = {
				ASSETCATALOG_COMPILER_APPICON_NAME = AppIcon;
				ASSETCATALOG_COMPILER_GLOBAL_ACCENT_COLOR_NAME = AccentColor;
				CODE_SIGN_STYLE = Automatic;
				CURRENT_PROJECT_VERSION = 1;
				DEVELOPMENT_ASSET_PATHS = "\"ApiBacked/Preview Content\"";
				DEVELOPMENT_TEAM = 25PUL629C8;
				ENABLE_PREVIEWS = YES;
				GENERATE_INFOPLIST_FILE = YES;
				INFOPLIST_KEY_UIApplicationSceneManifest_Generation = YES;
				INFOPLIST_KEY_UIApplicationSupportsIndirectInputEvents = YES;
				INFOPLIST_KEY_UILaunchScreen_Generation = YES;
				INFOPLIST_KEY_UISupportedInterfaceOrientations_iPad = "UIInterfaceOrientationPortrait UIInterfaceOrientationPortraitUpsideDown UIInterfaceOrientationLandscapeLeft UIInterfaceOrientationLandscapeRight";
				INFOPLIST_KEY_UISupportedInterfaceOrientations_iPhone = "UIInterfaceOrientationPortrait UIInterfaceOrientationLandscapeLeft UIInterfaceOrientationLandscapeRight";
				LD_RUNPATH_SEARCH_PATHS = (
					"$(inherited)",
					"@executable_path/Frameworks",
				);
				MARKETING_VERSION = 1.0;
				PRODUCT_BUNDLE_IDENTIFIER = edu.lmu.julianmazzier.ApiBacked;
				PRODUCT_NAME = "$(TARGET_NAME)";
				SWIFT_EMIT_LOC_STRINGS = YES;
				SWIFT_VERSION = 5.0;
				TARGETED_DEVICE_FAMILY = "1,2";
			};
			name = Debug;
		};
		B34564982B84B7E500EA6D2D /* Release */ = {
			isa = XCBuildConfiguration;
			buildSettings = {
				ASSETCATALOG_COMPILER_APPICON_NAME = AppIcon;
				ASSETCATALOG_COMPILER_GLOBAL_ACCENT_COLOR_NAME = AccentColor;
				CODE_SIGN_STYLE = Automatic;
				CURRENT_PROJECT_VERSION = 1;
				DEVELOPMENT_ASSET_PATHS = "\"ApiBacked/Preview Content\"";
				DEVELOPMENT_TEAM = 25PUL629C8;
				ENABLE_PREVIEWS = YES;
				GENERATE_INFOPLIST_FILE = YES;
				INFOPLIST_KEY_UIApplicationSceneManifest_Generation = YES;
				INFOPLIST_KEY_UIApplicationSupportsIndirectInputEvents = YES;
				INFOPLIST_KEY_UILaunchScreen_Generation = YES;
				INFOPLIST_KEY_UISupportedInterfaceOrientations_iPad = "UIInterfaceOrientationPortrait UIInterfaceOrientationPortraitUpsideDown UIInterfaceOrientationLandscapeLeft UIInterfaceOrientationLandscapeRight";
				INFOPLIST_KEY_UISupportedInterfaceOrientations_iPhone = "UIInterfaceOrientationPortrait UIInterfaceOrientationLandscapeLeft UIInterfaceOrientationLandscapeRight";
				LD_RUNPATH_SEARCH_PATHS = (
					"$(inherited)",
					"@executable_path/Frameworks",
				);
				MARKETING_VERSION = 1.0;
				PRODUCT_BUNDLE_IDENTIFIER = edu.lmu.julianmazzier.ApiBacked;
				PRODUCT_NAME = "$(TARGET_NAME)";
				SWIFT_EMIT_LOC_STRINGS = YES;
				SWIFT_VERSION = 5.0;
				TARGETED_DEVICE_FAMILY = "1,2";
			};
			name = Release;
		};
		B345649A2B84B7E500EA6D2D /* Debug */ = {
			isa = XCBuildConfiguration;
			buildSettings = {
				ALWAYS_EMBED_SWIFT_STANDARD_LIBRARIES = YES;
				BUNDLE_LOADER = "$(TEST_HOST)";
				CODE_SIGN_STYLE = Automatic;
				CURRENT_PROJECT_VERSION = 1;
				DEVELOPMENT_TEAM = 25PUL629C8;
				GENERATE_INFOPLIST_FILE = YES;
				IPHONEOS_DEPLOYMENT_TARGET = 17.2;
				MARKETING_VERSION = 1.0;
				PRODUCT_BUNDLE_IDENTIFIER = edu.lmu.julianmazzier.ApiBackedTests;
				PRODUCT_NAME = "$(TARGET_NAME)";
				SWIFT_EMIT_LOC_STRINGS = NO;
				SWIFT_VERSION = 5.0;
				TARGETED_DEVICE_FAMILY = "1,2";
				TEST_HOST = "$(BUILT_PRODUCTS_DIR)/ApiBacked.app/$(BUNDLE_EXECUTABLE_FOLDER_PATH)/ApiBacked";
			};
			name = Debug;
		};
		B345649B2B84B7E500EA6D2D /* Release */ = {
			isa = XCBuildConfiguration;
			buildSettings = {
				ALWAYS_EMBED_SWIFT_STANDARD_LIBRARIES = YES;
				BUNDLE_LOADER = "$(TEST_HOST)";
				CODE_SIGN_STYLE = Automatic;
				CURRENT_PROJECT_VERSION = 1;
				DEVELOPMENT_TEAM = 25PUL629C8;
				GENERATE_INFOPLIST_FILE = YES;
				IPHONEOS_DEPLOYMENT_TARGET = 17.2;
				MARKETING_VERSION = 1.0;
				PRODUCT_BUNDLE_IDENTIFIER = edu.lmu.julianmazzier.ApiBackedTests;
				PRODUCT_NAME = "$(TARGET_NAME)";
				SWIFT_EMIT_LOC_STRINGS = NO;
				SWIFT_VERSION = 5.0;
				TARGETED_DEVICE_FAMILY = "1,2";
				TEST_HOST = "$(BUILT_PRODUCTS_DIR)/ApiBacked.app/$(BUNDLE_EXECUTABLE_FOLDER_PATH)/ApiBacked";
			};
			name = Release;
		};
		B345649D2B84B7E500EA6D2D /* Debug */ = {
			isa = XCBuildConfiguration;
			buildSettings = {
				ALWAYS_EMBED_SWIFT_STANDARD_LIBRARIES = YES;
				CODE_SIGN_STYLE = Automatic;
				CURRENT_PROJECT_VERSION = 1;
				DEVELOPMENT_TEAM = 25PUL629C8;
				GENERATE_INFOPLIST_FILE = YES;
				MARKETING_VERSION = 1.0;
				PRODUCT_BUNDLE_IDENTIFIER = edu.lmu.julianmazzier.ApiBackedUITests;
				PRODUCT_NAME = "$(TARGET_NAME)";
				SWIFT_EMIT_LOC_STRINGS = NO;
				SWIFT_VERSION = 5.0;
				TARGETED_DEVICE_FAMILY = "1,2";
				TEST_TARGET_NAME = ApiBacked;
			};
			name = Debug;
		};
		B345649E2B84B7E500EA6D2D /* Release */ = {
			isa = XCBuildConfiguration;
			buildSettings = {
				ALWAYS_EMBED_SWIFT_STANDARD_LIBRARIES = YES;
				CODE_SIGN_STYLE = Automatic;
				CURRENT_PROJECT_VERSION = 1;
				DEVELOPMENT_TEAM = 25PUL629C8;
				GENERATE_INFOPLIST_FILE = YES;
				MARKETING_VERSION = 1.0;
				PRODUCT_BUNDLE_IDENTIFIER = edu.lmu.julianmazzier.ApiBackedUITests;
				PRODUCT_NAME = "$(TARGET_NAME)";
				SWIFT_EMIT_LOC_STRINGS = NO;
				SWIFT_VERSION = 5.0;
				TARGETED_DEVICE_FAMILY = "1,2";
				TEST_TARGET_NAME = ApiBacked;
			};
			name = Release;
		};
/* End XCBuildConfiguration section */

/* Begin XCConfigurationList section */
		B345646D2B84B7E300EA6D2D /* Build configuration list for PBXProject "ApiBacked" */ = {
			isa = XCConfigurationList;
			buildConfigurations = (
				B34564942B84B7E500EA6D2D /* Debug */,
				B34564952B84B7E500EA6D2D /* Release */,
			);
			defaultConfigurationIsVisible = 0;
			defaultConfigurationName = Release;
		};
		B34564962B84B7E500EA6D2D /* Build configuration list for PBXNativeTarget "ApiBacked" */ = {
			isa = XCConfigurationList;
			buildConfigurations = (
				B34564972B84B7E500EA6D2D /* Debug */,
				B34564982B84B7E500EA6D2D /* Release */,
			);
			defaultConfigurationIsVisible = 0;
			defaultConfigurationName = Release;
		};
		B34564992B84B7E500EA6D2D /* Build configuration list for PBXNativeTarget "ApiBackedTests" */ = {
			isa = XCConfigurationList;
			buildConfigurations = (
				B345649A2B84B7E500EA6D2D /* Debug */,
				B345649B2B84B7E500EA6D2D /* Release */,
			);
			defaultConfigurationIsVisible = 0;
			defaultConfigurationName = Release;
		};
		B345649C2B84B7E500EA6D2D /* Build configuration list for PBXNativeTarget "ApiBackedUITests" */ = {
			isa = XCConfigurationList;
			buildConfigurations = (
				B345649D2B84B7E500EA6D2D /* Debug */,
				B345649E2B84B7E500EA6D2D /* Release */,
			);
			defaultConfigurationIsVisible = 0;
			defaultConfigurationName = Release;
		};
/* End XCConfigurationList section */
	};
	rootObject = B345646A2B84B7E300EA6D2D /* Project object */;
}
